
Microsoft Visual Studio Solution File, Format Version 12.00
# Visual Studio 15
VisualStudioVersion = 15.0.28010.2048
MinimumVisualStudioVersion = 10.0.40219.1
Project("{FAE04EC0-301F-11D3-BF4B-00C04F79EFBC}") = "24.2.19 homework", "24.2.19 homework\24.2.19 homework.csproj", "{956AF580-9D27-4586-BC57-9C11535DF5DE}"
EndProject
Global
	GlobalSection(SolutionConfigurationPlatforms) = preSolution
		Debug|Any CPU = Debug|Any CPU
		Release|Any CPU = Release|Any CPU
	EndGlobalSection
	GlobalSection(ProjectConfigurationPlatforms) = postSolution
		{956AF580-9D27-4586-BC57-9C11535DF5DE}.Debug|Any CPU.ActiveCfg = Debug|Any CPU
		{956AF580-9D27-4586-BC57-9C11535DF5DE}.Debug|Any CPU.Build.0 = Debug|Any CPU
		{956AF580-9D27-4586-BC57-9C11535DF5DE}.Release|Any CPU.ActiveCfg = Release|Any CPU
		{956AF580-9D27-4586-BC57-9C11535DF5DE}.Release|Any CPU.Build.0 = Release|Any CPU
	EndGlobalSection
	GlobalSection(SolutionProperties) = preSolution
		HideSolutionNode = FALSE
	EndGlobalSection
	GlobalSection(ExtensibilityGlobals) = postSolution
		SolutionGuid = {CDA65D4E-BAA8-4D6F-8E54-7C7552B908ED}
	EndGlobalSection
EndGlobal
